
Microsoft Visual Studio Solution File, Format Version 12.00
# Visual Studio Version 17
VisualStudioVersion = 17.7.34031.279
MinimumVisualStudioVersion = 10.0.40219.1
Project("{FAE04EC0-301F-11D3-BF4B-00C04F79EFBC}") = "test", "test\test.csproj", "{F26D582D-288B-4DF1-84BE-0EB09C617450}"
EndProject
Global
	GlobalSection(SolutionConfigurationPlatforms) = preSolution
		Debug|Any CPU = Debug|Any CPU
		Release|Any CPU = Release|Any CPU
	EndGlobalSection
	GlobalSection(ProjectConfigurationPlatforms) = postSolution
		{F26D582D-288B-4DF1-84BE-0EB09C617450}.Debug|Any CPU.ActiveCfg = Debug|Any CPU
		{F26D582D-288B-4DF1-84BE-0EB09C617450}.Debug|Any CPU.Build.0 = Debug|Any CPU
		{F26D582D-288B-4DF1-84BE-0EB09C617450}.Release|Any CPU.ActiveCfg = Release|Any CPU
		{F26D582D-288B-4DF1-84BE-0EB09C617450}.Release|Any CPU.Build.0 = Release|Any CPU
	EndGlobalSection
	GlobalSection(SolutionProperties) = preSolution
		HideSolutionNode = FALSE
	EndGlobalSection
	GlobalSection(ExtensibilityGlobals) = postSolution
		SolutionGuid = {14BC78EA-B444-40E8-AB5A-D127F7B26680}
	EndGlobalSection
EndGlobal
