
Microsoft Visual Studio Solution File, Format Version 12.00
# Visual Studio Version 17
VisualStudioVersion = 17.7.34221.43
MinimumVisualStudioVersion = 10.0.40219.1
Project("{FAE04EC0-301F-11D3-BF4B-00C04F79EFBC}") = "WebMuster", "WebMuster\WebMuster.csproj", "{FA992B6B-5805-4C57-9675-A1BB20828DA3}"
EndProject
Global
	GlobalSection(SolutionConfigurationPlatforms) = preSolution
		Debug|Any CPU = Debug|Any CPU
		Release|Any CPU = Release|Any CPU
	EndGlobalSection
	GlobalSection(ProjectConfigurationPlatforms) = postSolution
		{FA992B6B-5805-4C57-9675-A1BB20828DA3}.Debug|Any CPU.ActiveCfg = Debug|Any CPU
		{FA992B6B-5805-4C57-9675-A1BB20828DA3}.Debug|Any CPU.Build.0 = Debug|Any CPU
		{FA992B6B-5805-4C57-9675-A1BB20828DA3}.Release|Any CPU.ActiveCfg = Release|Any CPU
		{FA992B6B-5805-4C57-9675-A1BB20828DA3}.Release|Any CPU.Build.0 = Release|Any CPU
	EndGlobalSection
	GlobalSection(SolutionProperties) = preSolution
		HideSolutionNode = FALSE
	EndGlobalSection
	GlobalSection(ExtensibilityGlobals) = postSolution
		SolutionGuid = {B0BBAE03-D889-44ED-AE5D-2ABC53B4DB3F}
	EndGlobalSection
EndGlobal
