
Microsoft Visual Studio Solution File, Format Version 12.00
# Visual Studio Version 17
VisualStudioVersion = 17.4.33213.308
MinimumVisualStudioVersion = 10.0.40219.1
Project("{FAE04EC0-301F-11D3-BF4B-00C04F79EFBC}") = "DataGridGroupDemo", "DataGridGroupDemo\DataGridGroupDemo.csproj", "{98D73FA0-4663-44F5-B322-9BD70805044F}"
EndProject
Global
	GlobalSection(SolutionConfigurationPlatforms) = preSolution
		Debug|Any CPU = Debug|Any CPU
		Release|Any CPU = Release|Any CPU
	EndGlobalSection
	GlobalSection(ProjectConfigurationPlatforms) = postSolution
		{98D73FA0-4663-44F5-B322-9BD70805044F}.Debug|Any CPU.ActiveCfg = Debug|Any CPU
		{98D73FA0-4663-44F5-B322-9BD70805044F}.Debug|Any CPU.Build.0 = Debug|Any CPU
		{98D73FA0-4663-44F5-B322-9BD70805044F}.Release|Any CPU.ActiveCfg = Release|Any CPU
		{98D73FA0-4663-44F5-B322-9BD70805044F}.Release|Any CPU.Build.0 = Release|Any CPU
	EndGlobalSection
	GlobalSection(SolutionProperties) = preSolution
		HideSolutionNode = FALSE
	EndGlobalSection
	GlobalSection(ExtensibilityGlobals) = postSolution
		SolutionGuid = {AE6D8268-DFFA-41FB-87B1-ED61E7D3D497}
	EndGlobalSection
EndGlobal
