
Microsoft Visual Studio Solution File, Format Version 12.00
# Visual Studio Version 17
VisualStudioVersion = 17.5.33414.496
MinimumVisualStudioVersion = 10.0.40219.1
Project("{FAE04EC0-301F-11D3-BF4B-00C04F79EFBC}") = "SchwarzesBrett_neu", "SchwarzesBrett_neu\SchwarzesBrett_neu.csproj", "{962D556A-488A-4288-B032-73CD5B45A6F7}"
EndProject
Global
	GlobalSection(SolutionConfigurationPlatforms) = preSolution
		Debug|Any CPU = Debug|Any CPU
		Release|Any CPU = Release|Any CPU
	EndGlobalSection
	GlobalSection(ProjectConfigurationPlatforms) = postSolution
		{962D556A-488A-4288-B032-73CD5B45A6F7}.Debug|Any CPU.ActiveCfg = Debug|Any CPU
		{962D556A-488A-4288-B032-73CD5B45A6F7}.Debug|Any CPU.Build.0 = Debug|Any CPU
		{962D556A-488A-4288-B032-73CD5B45A6F7}.Release|Any CPU.ActiveCfg = Release|Any CPU
		{962D556A-488A-4288-B032-73CD5B45A6F7}.Release|Any CPU.Build.0 = Release|Any CPU
	EndGlobalSection
	GlobalSection(SolutionProperties) = preSolution
		HideSolutionNode = FALSE
	EndGlobalSection
	GlobalSection(ExtensibilityGlobals) = postSolution
		SolutionGuid = {A781BE2D-71E3-4F00-AB31-CFD01713492A}
	EndGlobalSection
EndGlobal
