
Microsoft Visual Studio Solution File, Format Version 12.00
# Visual Studio Version 17
VisualStudioVersion = 17.8.34330.188
MinimumVisualStudioVersion = 10.0.40219.1
Project("{FAE04EC0-301F-11D3-BF4B-00C04F79EFBC}") = "BulkyWeb", "BulkyWeb\BulkyWeb.csproj", "{11A5E281-6FCC-4B5E-A106-9C00E7B03E0B}"
EndProject
Global
	GlobalSection(SolutionConfigurationPlatforms) = preSolution
		Debug|Any CPU = Debug|Any CPU
		Release|Any CPU = Release|Any CPU
	EndGlobalSection
	GlobalSection(ProjectConfigurationPlatforms) = postSolution
		{11A5E281-6FCC-4B5E-A106-9C00E7B03E0B}.Debug|Any CPU.ActiveCfg = Debug|Any CPU
		{11A5E281-6FCC-4B5E-A106-9C00E7B03E0B}.Debug|Any CPU.Build.0 = Debug|Any CPU
		{11A5E281-6FCC-4B5E-A106-9C00E7B03E0B}.Release|Any CPU.ActiveCfg = Release|Any CPU
		{11A5E281-6FCC-4B5E-A106-9C00E7B03E0B}.Release|Any CPU.Build.0 = Release|Any CPU
	EndGlobalSection
	GlobalSection(SolutionProperties) = preSolution
		HideSolutionNode = FALSE
	EndGlobalSection
	GlobalSection(ExtensibilityGlobals) = postSolution
		SolutionGuid = {F3E2C37F-3F4A-4033-AADA-ADD46B53B511}
	EndGlobalSection
EndGlobal
