
Microsoft Visual Studio Solution File, Format Version 12.00
# Visual Studio Version 17
VisualStudioVersion = 17.5.33414.496
MinimumVisualStudioVersion = 10.0.40219.1
Project("{FAE04EC0-301F-11D3-BF4B-00C04F79EFBC}") = "PowerPoint", "PowerPoint\PowerPoint.csproj", "{AA357EA9-C2D1-4903-911D-295C611723B2}"
EndProject
Project("{FAE04EC0-301F-11D3-BF4B-00C04F79EFBC}") = "PowerPointWeb", "PowerPointWeb\PowerPointWeb.csproj", "{265083B2-FBBF-4228-BC8F-FDA9E842F051}"
EndProject
Global
	GlobalSection(SolutionConfigurationPlatforms) = preSolution
		Debug|Any CPU = Debug|Any CPU
		Release|Any CPU = Release|Any CPU
	EndGlobalSection
	GlobalSection(ProjectConfigurationPlatforms) = postSolution
		{AA357EA9-C2D1-4903-911D-295C611723B2}.Debug|Any CPU.ActiveCfg = Debug|Any CPU
		{AA357EA9-C2D1-4903-911D-295C611723B2}.Debug|Any CPU.Build.0 = Debug|Any CPU
		{AA357EA9-C2D1-4903-911D-295C611723B2}.Debug|Any CPU.Deploy.0 = Debug|Any CPU
		{AA357EA9-C2D1-4903-911D-295C611723B2}.Release|Any CPU.ActiveCfg = Release|Any CPU
		{AA357EA9-C2D1-4903-911D-295C611723B2}.Release|Any CPU.Build.0 = Release|Any CPU
		{AA357EA9-C2D1-4903-911D-295C611723B2}.Release|Any CPU.Deploy.0 = Release|Any CPU
		{265083B2-FBBF-4228-BC8F-FDA9E842F051}.Debug|Any CPU.ActiveCfg = Debug|Any CPU
		{265083B2-FBBF-4228-BC8F-FDA9E842F051}.Debug|Any CPU.Build.0 = Debug|Any CPU
		{265083B2-FBBF-4228-BC8F-FDA9E842F051}.Release|Any CPU.ActiveCfg = Release|Any CPU
		{265083B2-FBBF-4228-BC8F-FDA9E842F051}.Release|Any CPU.Build.0 = Release|Any CPU
	EndGlobalSection
	GlobalSection(SolutionProperties) = preSolution
		HideSolutionNode = FALSE
	EndGlobalSection
	GlobalSection(ExtensibilityGlobals) = postSolution
		SolutionGuid = {CBA9237D-C5E2-4786-A543-06126B2D8A9E}
	EndGlobalSection
EndGlobal
