
Microsoft Visual Studio Solution File, Format Version 12.00
# Visual Studio Version 17
VisualStudioVersion = 17.8.34309.116
MinimumVisualStudioVersion = 10.0.40219.1
Project("{FAE04EC0-301F-11D3-BF4B-00C04F79EFBC}") = "Bloggie.Web", "Bloggie.Web\Bloggie.Web.csproj", "{BF69DB01-328C-480E-AB32-0BB31C435566}"
EndProject
Global
	GlobalSection(SolutionConfigurationPlatforms) = preSolution
		Debug|Any CPU = Debug|Any CPU
		Release|Any CPU = Release|Any CPU
	EndGlobalSection
	GlobalSection(ProjectConfigurationPlatforms) = postSolution
		{BF69DB01-328C-480E-AB32-0BB31C435566}.Debug|Any CPU.ActiveCfg = Debug|Any CPU
		{BF69DB01-328C-480E-AB32-0BB31C435566}.Debug|Any CPU.Build.0 = Debug|Any CPU
		{BF69DB01-328C-480E-AB32-0BB31C435566}.Release|Any CPU.ActiveCfg = Release|Any CPU
		{BF69DB01-328C-480E-AB32-0BB31C435566}.Release|Any CPU.Build.0 = Release|Any CPU
	EndGlobalSection
	GlobalSection(SolutionProperties) = preSolution
		HideSolutionNode = FALSE
	EndGlobalSection
	GlobalSection(ExtensibilityGlobals) = postSolution
		SolutionGuid = {FFF6663E-DA20-430C-9052-9714CEBAEC87}
	EndGlobalSection
EndGlobal
