
Microsoft Visual Studio Solution File, Format Version 12.00
# Visual Studio Version 17
VisualStudioVersion = 17.7.34221.43
MinimumVisualStudioVersion = 10.0.40219.1
Project("{FAE04EC0-301F-11D3-BF4B-00C04F79EFBC}") = "FileSystemExample", "FileSystemExample\FileSystemExample.csproj", "{FB6F5B91-363B-4A6D-80F9-FE15F226D275}"
EndProject
Global
	GlobalSection(SolutionConfigurationPlatforms) = preSolution
		Debug|Any CPU = Debug|Any CPU
		Release|Any CPU = Release|Any CPU
	EndGlobalSection
	GlobalSection(ProjectConfigurationPlatforms) = postSolution
		{FB6F5B91-363B-4A6D-80F9-FE15F226D275}.Debug|Any CPU.ActiveCfg = Debug|Any CPU
		{FB6F5B91-363B-4A6D-80F9-FE15F226D275}.Debug|Any CPU.Build.0 = Debug|Any CPU
		{FB6F5B91-363B-4A6D-80F9-FE15F226D275}.Release|Any CPU.ActiveCfg = Release|Any CPU
		{FB6F5B91-363B-4A6D-80F9-FE15F226D275}.Release|Any CPU.Build.0 = Release|Any CPU
	EndGlobalSection
	GlobalSection(SolutionProperties) = preSolution
		HideSolutionNode = FALSE
	EndGlobalSection
	GlobalSection(ExtensibilityGlobals) = postSolution
		SolutionGuid = {39E10530-0683-40D9-92DE-9788E8CC9162}
	EndGlobalSection
EndGlobal
