
Microsoft Visual Studio Solution File, Format Version 12.00
# Visual Studio Version 17
VisualStudioVersion = 17.5.33414.496
MinimumVisualStudioVersion = 10.0.40219.1
Project("{FAE04EC0-301F-11D3-BF4B-00C04F79EFBC}") = "ReichText", "ReichText\ReichText.csproj", "{63FB19C5-B14C-4025-8634-4E62EF77DA6C}"
EndProject
Project("{FAE04EC0-301F-11D3-BF4B-00C04F79EFBC}") = "WpfApp1", "WpfApp1\WpfApp1.csproj", "{85264388-6CE6-4BC1-A60F-D20579074AFC}"
EndProject
Global
	GlobalSection(SolutionConfigurationPlatforms) = preSolution
		Debug|Any CPU = Debug|Any CPU
		Release|Any CPU = Release|Any CPU
	EndGlobalSection
	GlobalSection(ProjectConfigurationPlatforms) = postSolution
		{63FB19C5-B14C-4025-8634-4E62EF77DA6C}.Debug|Any CPU.ActiveCfg = Debug|Any CPU
		{63FB19C5-B14C-4025-8634-4E62EF77DA6C}.Debug|Any CPU.Build.0 = Debug|Any CPU
		{63FB19C5-B14C-4025-8634-4E62EF77DA6C}.Release|Any CPU.ActiveCfg = Release|Any CPU
		{63FB19C5-B14C-4025-8634-4E62EF77DA6C}.Release|Any CPU.Build.0 = Release|Any CPU
		{85264388-6CE6-4BC1-A60F-D20579074AFC}.Debug|Any CPU.ActiveCfg = Debug|Any CPU
		{85264388-6CE6-4BC1-A60F-D20579074AFC}.Debug|Any CPU.Build.0 = Debug|Any CPU
		{85264388-6CE6-4BC1-A60F-D20579074AFC}.Release|Any CPU.ActiveCfg = Release|Any CPU
		{85264388-6CE6-4BC1-A60F-D20579074AFC}.Release|Any CPU.Build.0 = Release|Any CPU
	EndGlobalSection
	GlobalSection(SolutionProperties) = preSolution
		HideSolutionNode = FALSE
	EndGlobalSection
	GlobalSection(ExtensibilityGlobals) = postSolution
		SolutionGuid = {2941EC25-F61C-41B8-89B2-FA234729F039}
	EndGlobalSection
EndGlobal
