
Microsoft Visual Studio Solution File, Format Version 12.00
# Visual Studio Version 17
VisualStudioVersion = 17.4.33205.214
MinimumVisualStudioVersion = 10.0.40219.1
Project("{FAE04EC0-301F-11D3-BF4B-00C04F79EFBC}") = "Send_EMails_CSharp", "Send_EMails_CSharp\Send_EMails_CSharp.csproj", "{84352435-AAF6-46E5-982F-E70E5533A9B9}"
EndProject
Global
	GlobalSection(SolutionConfigurationPlatforms) = preSolution
		Debug|Any CPU = Debug|Any CPU
		Release|Any CPU = Release|Any CPU
	EndGlobalSection
	GlobalSection(ProjectConfigurationPlatforms) = postSolution
		{84352435-AAF6-46E5-982F-E70E5533A9B9}.Debug|Any CPU.ActiveCfg = Debug|Any CPU
		{84352435-AAF6-46E5-982F-E70E5533A9B9}.Debug|Any CPU.Build.0 = Debug|Any CPU
		{84352435-AAF6-46E5-982F-E70E5533A9B9}.Release|Any CPU.ActiveCfg = Release|Any CPU
		{84352435-AAF6-46E5-982F-E70E5533A9B9}.Release|Any CPU.Build.0 = Release|Any CPU
	EndGlobalSection
	GlobalSection(SolutionProperties) = preSolution
		HideSolutionNode = FALSE
	EndGlobalSection
	GlobalSection(ExtensibilityGlobals) = postSolution
		SolutionGuid = {66A2F2E5-E0A2-4978-953F-077981DDD872}
	EndGlobalSection
EndGlobal
