
Microsoft Visual Studio Solution File, Format Version 12.00
# Visual Studio Version 17
VisualStudioVersion = 17.8.34322.80
MinimumVisualStudioVersion = 10.0.40219.1
Project("{FAE04EC0-301F-11D3-BF4B-00C04F79EFBC}") = "ASPLesson", "ASPLesson\ASPLesson.csproj", "{9BC02AEF-8BB3-4EBC-B48B-5085A0F96B37}"
EndProject
Global
	GlobalSection(SolutionConfigurationPlatforms) = preSolution
		Debug|Any CPU = Debug|Any CPU
		Release|Any CPU = Release|Any CPU
	EndGlobalSection
	GlobalSection(ProjectConfigurationPlatforms) = postSolution
		{9BC02AEF-8BB3-4EBC-B48B-5085A0F96B37}.Debug|Any CPU.ActiveCfg = Debug|Any CPU
		{9BC02AEF-8BB3-4EBC-B48B-5085A0F96B37}.Debug|Any CPU.Build.0 = Debug|Any CPU
		{9BC02AEF-8BB3-4EBC-B48B-5085A0F96B37}.Release|Any CPU.ActiveCfg = Release|Any CPU
		{9BC02AEF-8BB3-4EBC-B48B-5085A0F96B37}.Release|Any CPU.Build.0 = Release|Any CPU
	EndGlobalSection
	GlobalSection(SolutionProperties) = preSolution
		HideSolutionNode = FALSE
	EndGlobalSection
	GlobalSection(ExtensibilityGlobals) = postSolution
		SolutionGuid = {0B45A4C8-F0CE-4E5C-88B6-E892031E474D}
	EndGlobalSection
EndGlobal
