
Microsoft Visual Studio Solution File, Format Version 12.00
# Visual Studio Version 17
VisualStudioVersion = 17.4.33213.308
MinimumVisualStudioVersion = 10.0.40219.1
Project("{FAE04EC0-301F-11D3-BF4B-00C04F79EFBC}") = "SimpleMVVMAppTest", "SimpleMVVMAppTest\SimpleMVVMAppTest.csproj", "{5EAF9967-8ABA-49C9-9FA5-E3E902E0DDBD}"
EndProject
Global
	GlobalSection(SolutionConfigurationPlatforms) = preSolution
		Debug|Any CPU = Debug|Any CPU
		Release|Any CPU = Release|Any CPU
	EndGlobalSection
	GlobalSection(ProjectConfigurationPlatforms) = postSolution
		{5EAF9967-8ABA-49C9-9FA5-E3E902E0DDBD}.Debug|Any CPU.ActiveCfg = Debug|Any CPU
		{5EAF9967-8ABA-49C9-9FA5-E3E902E0DDBD}.Debug|Any CPU.Build.0 = Debug|Any CPU
		{5EAF9967-8ABA-49C9-9FA5-E3E902E0DDBD}.Release|Any CPU.ActiveCfg = Release|Any CPU
		{5EAF9967-8ABA-49C9-9FA5-E3E902E0DDBD}.Release|Any CPU.Build.0 = Release|Any CPU
	EndGlobalSection
	GlobalSection(SolutionProperties) = preSolution
		HideSolutionNode = FALSE
	EndGlobalSection
	GlobalSection(ExtensibilityGlobals) = postSolution
		SolutionGuid = {B2861015-9101-4228-8236-AF36C10BAED8}
	EndGlobalSection
EndGlobal
