
Microsoft Visual Studio Solution File, Format Version 12.00
# Visual Studio Version 17
VisualStudioVersion = 17.5.33414.496
MinimumVisualStudioVersion = 10.0.40219.1
Project("{FAE04EC0-301F-11D3-BF4B-00C04F79EFBC}") = "Generating_Excel_Files", "Generating_Excel_Files\Generating_Excel_Files.csproj", "{FAE8B3B5-740E-4F08-8272-58052343BC68}"
EndProject
Global
	GlobalSection(SolutionConfigurationPlatforms) = preSolution
		Debug|Any CPU = Debug|Any CPU
		Release|Any CPU = Release|Any CPU
	EndGlobalSection
	GlobalSection(ProjectConfigurationPlatforms) = postSolution
		{FAE8B3B5-740E-4F08-8272-58052343BC68}.Debug|Any CPU.ActiveCfg = Debug|Any CPU
		{FAE8B3B5-740E-4F08-8272-58052343BC68}.Debug|Any CPU.Build.0 = Debug|Any CPU
		{FAE8B3B5-740E-4F08-8272-58052343BC68}.Release|Any CPU.ActiveCfg = Release|Any CPU
		{FAE8B3B5-740E-4F08-8272-58052343BC68}.Release|Any CPU.Build.0 = Release|Any CPU
	EndGlobalSection
	GlobalSection(SolutionProperties) = preSolution
		HideSolutionNode = FALSE
	EndGlobalSection
	GlobalSection(ExtensibilityGlobals) = postSolution
		SolutionGuid = {14D56BA4-7D8D-4605-95C0-127A9BC38CC0}
	EndGlobalSection
EndGlobal
