
Microsoft Visual Studio Solution File, Format Version 12.00
# Visual Studio Version 17
VisualStudioVersion = 17.5.33414.496
MinimumVisualStudioVersion = 10.0.40219.1
Project("{FAE04EC0-301F-11D3-BF4B-00C04F79EFBC}") = "AsyncBeispiel", "AsyncBeispiel\AsyncBeispiel.csproj", "{69CF96EC-4EF2-4AF8-A469-ABFB559D11EA}"
EndProject
Project("{FAE04EC0-301F-11D3-BF4B-00C04F79EFBC}") = "ThreadPool1", "ThreadPool\ThreadPool1.csproj", "{C9E53B3B-6A16-464B-9953-3156587E1E30}"
EndProject
Global
	GlobalSection(SolutionConfigurationPlatforms) = preSolution
		Debug|Any CPU = Debug|Any CPU
		Release|Any CPU = Release|Any CPU
	EndGlobalSection
	GlobalSection(ProjectConfigurationPlatforms) = postSolution
		{69CF96EC-4EF2-4AF8-A469-ABFB559D11EA}.Debug|Any CPU.ActiveCfg = Debug|Any CPU
		{69CF96EC-4EF2-4AF8-A469-ABFB559D11EA}.Debug|Any CPU.Build.0 = Debug|Any CPU
		{69CF96EC-4EF2-4AF8-A469-ABFB559D11EA}.Release|Any CPU.ActiveCfg = Release|Any CPU
		{69CF96EC-4EF2-4AF8-A469-ABFB559D11EA}.Release|Any CPU.Build.0 = Release|Any CPU
		{C9E53B3B-6A16-464B-9953-3156587E1E30}.Debug|Any CPU.ActiveCfg = Debug|Any CPU
		{C9E53B3B-6A16-464B-9953-3156587E1E30}.Debug|Any CPU.Build.0 = Debug|Any CPU
		{C9E53B3B-6A16-464B-9953-3156587E1E30}.Release|Any CPU.ActiveCfg = Release|Any CPU
		{C9E53B3B-6A16-464B-9953-3156587E1E30}.Release|Any CPU.Build.0 = Release|Any CPU
	EndGlobalSection
	GlobalSection(SolutionProperties) = preSolution
		HideSolutionNode = FALSE
	EndGlobalSection
	GlobalSection(ExtensibilityGlobals) = postSolution
		SolutionGuid = {69DE2465-1945-4163-AAC8-D5682F2E5002}
	EndGlobalSection
EndGlobal
